
Microsoft Visual Studio Solution File, Format Version 12.00
# Visual Studio Version 17
VisualStudioVersion = 17.12.35506.116
MinimumVisualStudioVersion = 10.0.40219.1
Project("{FAE04EC0-301F-11D3-BF4B-00C04F79EFBC}") = "MediaTek86", "MediaTek86\MediaTek86.csproj", "{84938422-9BB1-48E4-99D3-08C20DBD2B43}"
EndProject
Project("{54435603-DBB4-11D2-8724-00A0C9A8B90C}") = "MediaTek86 Installeur", "MediaTek86 Installeur\MediaTek86 Installeur.vdproj", "{562F0C63-46AB-4AA9-BED6-035FB13ABE6B}"
EndProject
Global
	GlobalSection(SolutionConfigurationPlatforms) = preSolution
		Debug|Any CPU = Debug|Any CPU
		Release|Any CPU = Release|Any CPU
	EndGlobalSection
	GlobalSection(ProjectConfigurationPlatforms) = postSolution
		{84938422-9BB1-48E4-99D3-08C20DBD2B43}.Debug|Any CPU.ActiveCfg = Debug|Any CPU
		{84938422-9BB1-48E4-99D3-08C20DBD2B43}.Debug|Any CPU.Build.0 = Debug|Any CPU
		{84938422-9BB1-48E4-99D3-08C20DBD2B43}.Release|Any CPU.ActiveCfg = Release|Any CPU
		{84938422-9BB1-48E4-99D3-08C20DBD2B43}.Release|Any CPU.Build.0 = Release|Any CPU
		{562F0C63-46AB-4AA9-BED6-035FB13ABE6B}.Debug|Any CPU.ActiveCfg = Debug
		{562F0C63-46AB-4AA9-BED6-035FB13ABE6B}.Debug|Any CPU.Build.0 = Debug
		{562F0C63-46AB-4AA9-BED6-035FB13ABE6B}.Release|Any CPU.ActiveCfg = Release
		{562F0C63-46AB-4AA9-BED6-035FB13ABE6B}.Release|Any CPU.Build.0 = Release
	EndGlobalSection
	GlobalSection(SolutionProperties) = preSolution
		HideSolutionNode = FALSE
	EndGlobalSection
EndGlobal
